
Microsoft Visual Studio Solution File, Format Version 12.00
# Visual Studio 15
VisualStudioVersion = 15.0.28010.2036
MinimumVisualStudioVersion = 10.0.40219.1
Project("{FAE04EC0-301F-11D3-BF4B-00C04F79EFBC}") = "LoopTask4_2", "LoopTask4_2\LoopTask4_2.csproj", "{BAEB50E9-84FB-4DD2-9100-2D871ED5B28C}"
EndProject
Global
	GlobalSection(SolutionConfigurationPlatforms) = preSolution
		Debug|Any CPU = Debug|Any CPU
		Release|Any CPU = Release|Any CPU
	EndGlobalSection
	GlobalSection(ProjectConfigurationPlatforms) = postSolution
		{BAEB50E9-84FB-4DD2-9100-2D871ED5B28C}.Debug|Any CPU.ActiveCfg = Debug|Any CPU
		{BAEB50E9-84FB-4DD2-9100-2D871ED5B28C}.Debug|Any CPU.Build.0 = Debug|Any CPU
		{BAEB50E9-84FB-4DD2-9100-2D871ED5B28C}.Release|Any CPU.ActiveCfg = Release|Any CPU
		{BAEB50E9-84FB-4DD2-9100-2D871ED5B28C}.Release|Any CPU.Build.0 = Release|Any CPU
	EndGlobalSection
	GlobalSection(SolutionProperties) = preSolution
		HideSolutionNode = FALSE
	EndGlobalSection
	GlobalSection(ExtensibilityGlobals) = postSolution
		SolutionGuid = {231F48EF-68CD-4B24-817B-368D71A66CCE}
	EndGlobalSection
EndGlobal
