
Microsoft Visual Studio Solution File, Format Version 12.00
# Visual Studio 15
VisualStudioVersion = 15.0.28010.2016
MinimumVisualStudioVersion = 10.0.40219.1
Project("{FAE04EC0-301F-11D3-BF4B-00C04F79EFBC}") = "Iftask2", "Iftask2\Iftask2.csproj", "{0788B760-3412-40F7-86C2-FA9004FC774B}"
EndProject
Global
	GlobalSection(SolutionConfigurationPlatforms) = preSolution
		Debug|Any CPU = Debug|Any CPU
		Release|Any CPU = Release|Any CPU
	EndGlobalSection
	GlobalSection(ProjectConfigurationPlatforms) = postSolution
		{0788B760-3412-40F7-86C2-FA9004FC774B}.Debug|Any CPU.ActiveCfg = Debug|Any CPU
		{0788B760-3412-40F7-86C2-FA9004FC774B}.Debug|Any CPU.Build.0 = Debug|Any CPU
		{0788B760-3412-40F7-86C2-FA9004FC774B}.Release|Any CPU.ActiveCfg = Release|Any CPU
		{0788B760-3412-40F7-86C2-FA9004FC774B}.Release|Any CPU.Build.0 = Release|Any CPU
	EndGlobalSection
	GlobalSection(SolutionProperties) = preSolution
		HideSolutionNode = FALSE
	EndGlobalSection
	GlobalSection(ExtensibilityGlobals) = postSolution
		SolutionGuid = {5089C8AA-4566-4D30-BF55-0CA83D62B702}
	EndGlobalSection
EndGlobal
