
Microsoft Visual Studio Solution File, Format Version 12.00
# Visual Studio 15
VisualStudioVersion = 15.0.28010.2036
MinimumVisualStudioVersion = 10.0.40219.1
Project("{FAE04EC0-301F-11D3-BF4B-00C04F79EFBC}") = "HETU-confirmer", "HETU-confirmer\HETU-confirmer.csproj", "{06AE0D32-FC56-4A73-A68B-373700CBA1CD}"
EndProject
Global
	GlobalSection(SolutionConfigurationPlatforms) = preSolution
		Debug|Any CPU = Debug|Any CPU
		Release|Any CPU = Release|Any CPU
	EndGlobalSection
	GlobalSection(ProjectConfigurationPlatforms) = postSolution
		{06AE0D32-FC56-4A73-A68B-373700CBA1CD}.Debug|Any CPU.ActiveCfg = Debug|Any CPU
		{06AE0D32-FC56-4A73-A68B-373700CBA1CD}.Debug|Any CPU.Build.0 = Debug|Any CPU
		{06AE0D32-FC56-4A73-A68B-373700CBA1CD}.Release|Any CPU.ActiveCfg = Release|Any CPU
		{06AE0D32-FC56-4A73-A68B-373700CBA1CD}.Release|Any CPU.Build.0 = Release|Any CPU
	EndGlobalSection
	GlobalSection(SolutionProperties) = preSolution
		HideSolutionNode = FALSE
	EndGlobalSection
	GlobalSection(ExtensibilityGlobals) = postSolution
		SolutionGuid = {87E90F40-95AB-40C6-B53C-DEA0842FF946}
	EndGlobalSection
EndGlobal
