
Microsoft Visual Studio Solution File, Format Version 12.00
# Visual Studio 15
VisualStudioVersion = 15.0.28010.2036
MinimumVisualStudioVersion = 10.0.40219.1
Project("{FAE04EC0-301F-11D3-BF4B-00C04F79EFBC}") = "Functions1_2", "Functions1_2\Functions1_2.csproj", "{2588AC1E-0673-41CE-ABDC-154BC81BCD9F}"
EndProject
Global
	GlobalSection(SolutionConfigurationPlatforms) = preSolution
		Debug|Any CPU = Debug|Any CPU
		Release|Any CPU = Release|Any CPU
	EndGlobalSection
	GlobalSection(ProjectConfigurationPlatforms) = postSolution
		{2588AC1E-0673-41CE-ABDC-154BC81BCD9F}.Debug|Any CPU.ActiveCfg = Debug|Any CPU
		{2588AC1E-0673-41CE-ABDC-154BC81BCD9F}.Debug|Any CPU.Build.0 = Debug|Any CPU
		{2588AC1E-0673-41CE-ABDC-154BC81BCD9F}.Release|Any CPU.ActiveCfg = Release|Any CPU
		{2588AC1E-0673-41CE-ABDC-154BC81BCD9F}.Release|Any CPU.Build.0 = Release|Any CPU
	EndGlobalSection
	GlobalSection(SolutionProperties) = preSolution
		HideSolutionNode = FALSE
	EndGlobalSection
	GlobalSection(ExtensibilityGlobals) = postSolution
		SolutionGuid = {6346FA60-589C-4F80-ACF8-1383332C666C}
	EndGlobalSection
EndGlobal
