
Microsoft Visual Studio Solution File, Format Version 12.00
# Visual Studio 15
VisualStudioVersion = 15.0.28010.2036
MinimumVisualStudioVersion = 10.0.40219.1
Project("{FAE04EC0-301F-11D3-BF4B-00C04F79EFBC}") = "Example2FileClass", "Example2FileClass\Example2FileClass.csproj", "{00939373-20EF-4363-880D-F9B742B1DB50}"
EndProject
Global
	GlobalSection(SolutionConfigurationPlatforms) = preSolution
		Debug|Any CPU = Debug|Any CPU
		Release|Any CPU = Release|Any CPU
	EndGlobalSection
	GlobalSection(ProjectConfigurationPlatforms) = postSolution
		{00939373-20EF-4363-880D-F9B742B1DB50}.Debug|Any CPU.ActiveCfg = Debug|Any CPU
		{00939373-20EF-4363-880D-F9B742B1DB50}.Debug|Any CPU.Build.0 = Debug|Any CPU
		{00939373-20EF-4363-880D-F9B742B1DB50}.Release|Any CPU.ActiveCfg = Release|Any CPU
		{00939373-20EF-4363-880D-F9B742B1DB50}.Release|Any CPU.Build.0 = Release|Any CPU
	EndGlobalSection
	GlobalSection(SolutionProperties) = preSolution
		HideSolutionNode = FALSE
	EndGlobalSection
	GlobalSection(ExtensibilityGlobals) = postSolution
		SolutionGuid = {45DAD32B-C8A9-44B1-B4D0-B2FC6B47BFFF}
	EndGlobalSection
EndGlobal
