
Microsoft Visual Studio Solution File, Format Version 12.00
# Visual Studio 15
VisualStudioVersion = 15.0.28010.2036
MinimumVisualStudioVersion = 10.0.40219.1
Project("{FAE04EC0-301F-11D3-BF4B-00C04F79EFBC}") = "merkkijono1", "merkkijono1\merkkijono1.csproj", "{9EEC4F81-5C77-449B-A889-0CD7926432D6}"
EndProject
Global
	GlobalSection(SolutionConfigurationPlatforms) = preSolution
		Debug|Any CPU = Debug|Any CPU
		Release|Any CPU = Release|Any CPU
	EndGlobalSection
	GlobalSection(ProjectConfigurationPlatforms) = postSolution
		{9EEC4F81-5C77-449B-A889-0CD7926432D6}.Debug|Any CPU.ActiveCfg = Debug|Any CPU
		{9EEC4F81-5C77-449B-A889-0CD7926432D6}.Debug|Any CPU.Build.0 = Debug|Any CPU
		{9EEC4F81-5C77-449B-A889-0CD7926432D6}.Release|Any CPU.ActiveCfg = Release|Any CPU
		{9EEC4F81-5C77-449B-A889-0CD7926432D6}.Release|Any CPU.Build.0 = Release|Any CPU
	EndGlobalSection
	GlobalSection(SolutionProperties) = preSolution
		HideSolutionNode = FALSE
	EndGlobalSection
	GlobalSection(ExtensibilityGlobals) = postSolution
		SolutionGuid = {DC14020C-B352-4EBD-94CD-B1CC2CCE788E}
	EndGlobalSection
EndGlobal
