
Microsoft Visual Studio Solution File, Format Version 12.00
# Visual Studio 15
VisualStudioVersion = 15.0.28010.2036
MinimumVisualStudioVersion = 10.0.40219.1
Project("{FAE04EC0-301F-11D3-BF4B-00C04F79EFBC}") = "Looptask3_4", "Looptask3_4\Looptask3_4.csproj", "{F23AD9EB-0526-4CCA-AFE4-F4D12D7814F2}"
EndProject
Global
	GlobalSection(SolutionConfigurationPlatforms) = preSolution
		Debug|Any CPU = Debug|Any CPU
		Release|Any CPU = Release|Any CPU
	EndGlobalSection
	GlobalSection(ProjectConfigurationPlatforms) = postSolution
		{F23AD9EB-0526-4CCA-AFE4-F4D12D7814F2}.Debug|Any CPU.ActiveCfg = Debug|Any CPU
		{F23AD9EB-0526-4CCA-AFE4-F4D12D7814F2}.Debug|Any CPU.Build.0 = Debug|Any CPU
		{F23AD9EB-0526-4CCA-AFE4-F4D12D7814F2}.Release|Any CPU.ActiveCfg = Release|Any CPU
		{F23AD9EB-0526-4CCA-AFE4-F4D12D7814F2}.Release|Any CPU.Build.0 = Release|Any CPU
	EndGlobalSection
	GlobalSection(SolutionProperties) = preSolution
		HideSolutionNode = FALSE
	EndGlobalSection
	GlobalSection(ExtensibilityGlobals) = postSolution
		SolutionGuid = {3985A416-879C-41A7-9B68-40300A0C6587}
	EndGlobalSection
EndGlobal
