
Microsoft Visual Studio Solution File, Format Version 12.00
# Visual Studio 15
VisualStudioVersion = 15.0.28010.2016
MinimumVisualStudioVersion = 10.0.40219.1
Project("{FAE04EC0-301F-11D3-BF4B-00C04F79EFBC}") = "Iftask4", "Iftask4\Iftask4.csproj", "{9374603B-4D50-4D45-B7B6-E259F3DA1842}"
EndProject
Global
	GlobalSection(SolutionConfigurationPlatforms) = preSolution
		Debug|Any CPU = Debug|Any CPU
		Release|Any CPU = Release|Any CPU
	EndGlobalSection
	GlobalSection(ProjectConfigurationPlatforms) = postSolution
		{9374603B-4D50-4D45-B7B6-E259F3DA1842}.Debug|Any CPU.ActiveCfg = Debug|Any CPU
		{9374603B-4D50-4D45-B7B6-E259F3DA1842}.Debug|Any CPU.Build.0 = Debug|Any CPU
		{9374603B-4D50-4D45-B7B6-E259F3DA1842}.Release|Any CPU.ActiveCfg = Release|Any CPU
		{9374603B-4D50-4D45-B7B6-E259F3DA1842}.Release|Any CPU.Build.0 = Release|Any CPU
	EndGlobalSection
	GlobalSection(SolutionProperties) = preSolution
		HideSolutionNode = FALSE
	EndGlobalSection
	GlobalSection(ExtensibilityGlobals) = postSolution
		SolutionGuid = {DACAE5F4-175B-4D0A-9B3B-3CAD52AB0C7C}
	EndGlobalSection
EndGlobal
