
Microsoft Visual Studio Solution File, Format Version 12.00
# Visual Studio 15
VisualStudioVersion = 15.0.28010.2036
MinimumVisualStudioVersion = 10.0.40219.1
Project("{FAE04EC0-301F-11D3-BF4B-00C04F79EFBC}") = "LoopTask3_3", "LoopTask3_3\LoopTask3_3.csproj", "{5D098EC2-53CF-4640-8CD2-DED2F66AAEA9}"
EndProject
Global
	GlobalSection(SolutionConfigurationPlatforms) = preSolution
		Debug|Any CPU = Debug|Any CPU
		Release|Any CPU = Release|Any CPU
	EndGlobalSection
	GlobalSection(ProjectConfigurationPlatforms) = postSolution
		{5D098EC2-53CF-4640-8CD2-DED2F66AAEA9}.Debug|Any CPU.ActiveCfg = Debug|Any CPU
		{5D098EC2-53CF-4640-8CD2-DED2F66AAEA9}.Debug|Any CPU.Build.0 = Debug|Any CPU
		{5D098EC2-53CF-4640-8CD2-DED2F66AAEA9}.Release|Any CPU.ActiveCfg = Release|Any CPU
		{5D098EC2-53CF-4640-8CD2-DED2F66AAEA9}.Release|Any CPU.Build.0 = Release|Any CPU
	EndGlobalSection
	GlobalSection(SolutionProperties) = preSolution
		HideSolutionNode = FALSE
	EndGlobalSection
	GlobalSection(ExtensibilityGlobals) = postSolution
		SolutionGuid = {0BB789A6-3992-49BF-AAAD-E592B2EEE975}
	EndGlobalSection
EndGlobal
